{
    "_readme": [
        "This file locks the dependencies of your project to a known state",
        "Read more about it at https://getcomposer.org/doc/01-basic-usage.md#installing-dependencies",
        "This file is @generated automatically"
    ],
    "content-hash": "87d3611c4bf4244f7201c8e9285e41d3",
    "packages": [
        {
            "name": "filp/whoops",
            "version": "2.14.4",
            "source": {
                "type": "git",
                "url": "https://github.com/filp/whoops.git",
                "reference": "f056f1fe935d9ed86e698905a957334029899895"
            },
            "dist": {
                "type": "zip",
                "url": "https://api.github.com/repos/filp/whoops/zipball/f056f1fe935d9ed86e698905a957334029899895",
                "reference": "f056f1fe935d9ed86e698905a957334029899895",
                "shasum": ""
            },
            "require": {
                "php": "^5.5.9 || ^7.0 || ^8.0",
                "psr/log": "^1.0.1 || ^2.0 || ^3.0"
            },
            "require-dev": {
                "mockery/mockery": "^0.9 || ^1.0",
                "phpunit/phpunit": "^4.8.36 || ^5.7.27 || ^6.5.14 || ^7.5.20 || ^8.5.8 || ^9.3.3",
                "symfony/var-dumper": "^2.6 || ^3.0 || ^4.0 || ^5.0"
            },
            "suggest": {
                "symfony/var-dumper": "Pretty print complex values better with var-dumper available",
                "whoops/soap": "Formats errors as SOAP responses"
            },
            "type": "library",
            "extra": {
                "branch-alias": {
                    "dev-master": "2.7-dev"
                }
            },
            "autoload": {
                "psr-4": {
                    "Whoops\\": "src/Whoops/"
                }
            },
            "notification-url": "https://packagist.org/downloads/",
            "license": [
                "MIT"
            ],
            "authors": [
                {
                    "name": "Filipe Dobreira",
                    "homepage": "https://github.com/filp",
                    "role": "Developer"
                }
            ],
            "description": "php error handling for cool kids",
            "homepage": "https://filp.github.io/whoops/",
            "keywords": [
                "error",
                "exception",
                "handling",
                "library",
                "throwable",
                "whoops"
            ],
            "support": {
                "issues": "https://github.com/filp/whoops/issues",
                "source": "https://github.com/filp/whoops/tree/2.14.4"
            },
            "funding": [
                {
                    "url": "https://github.com/denis-sokolov",
                    "type": "github"
                }
            ],
            "time": "2021-10-03T12:00:00+00:00"
        },
        {
            "name": "monolog/monolog",
            "version": "2.3.5",
            "source": {
                "type": "git",
                "url": "https://github.com/Seldaek/monolog.git",
                "reference": "fd4380d6fc37626e2f799f29d91195040137eba9"
            },
            "dist": {
                "type": "zip",
                "url": "https://api.github.com/repos/Seldaek/monolog/zipball/fd4380d6fc37626e2f799f29d91195040137eba9",
                "reference": "fd4380d6fc37626e2f799f29d91195040137eba9",
                "shasum": ""
            },
            "require": {
                "php": ">=7.2",
                "psr/log": "^1.0.1 || ^2.0 || ^3.0"
            },
            "provide": {
                "psr/log-implementation": "1.0.0 || 2.0.0 || 3.0.0"
            },
            "require-dev": {
                "aws/aws-sdk-php": "^2.4.9 || ^3.0",
                "doctrine/couchdb": "~1.0@dev",
                "elasticsearch/elasticsearch": "^7",
                "graylog2/gelf-php": "^1.4.2",
                "mongodb/mongodb": "^1.8",
                "php-amqplib/php-amqplib": "~2.4 || ^3",
                "php-console/php-console": "^3.1.3",
                "phpspec/prophecy": "^1.6.1",
                "phpstan/phpstan": "^0.12.91",
                "phpunit/phpunit": "^8.5",
                "predis/predis": "^1.1",
                "rollbar/rollbar": "^1.3",
                "ruflin/elastica": ">=0.90@dev",
                "swiftmailer/swiftmailer": "^5.3|^6.0"
            },
            "suggest": {
                "aws/aws-sdk-php": "Allow sending log messages to AWS services like DynamoDB",
                "doctrine/couchdb": "Allow sending log messages to a CouchDB server",
                "elasticsearch/elasticsearch": "Allow sending log messages to an Elasticsearch server via official client",
                "ext-amqp": "Allow sending log messages to an AMQP server (1.0+ required)",
                "ext-curl": "Required to send log messages using the IFTTTHandler, the LogglyHandler, the SendGridHandler, the SlackWebhookHandler or the TelegramBotHandler",
                "ext-mbstring": "Allow to work properly with unicode symbols",
                "ext-mongodb": "Allow sending log messages to a MongoDB server (via driver)",
                "ext-openssl": "Required to send log messages using SSL",
                "ext-sockets": "Allow sending log messages to a Syslog server (via UDP driver)",
                "graylog2/gelf-php": "Allow sending log messages to a GrayLog2 server",
                "mongodb/mongodb": "Allow sending log messages to a MongoDB server (via library)",
                "php-amqplib/php-amqplib": "Allow sending log messages to an AMQP server using php-amqplib",
                "php-console/php-console": "Allow sending log messages to Google Chrome",
                "rollbar/rollbar": "Allow sending log messages to Rollbar",
                "ruflin/elastica": "Allow sending log messages to an Elastic Search server"
            },
            "type": "library",
            "extra": {
                "branch-alias": {
                    "dev-main": "2.x-dev"
                }
            },
            "autoload": {
                "psr-4": {
                    "Monolog\\": "src/Monolog"
                }
            },
            "notification-url": "https://packagist.org/downloads/",
            "license": [
                "MIT"
            ],
            "authors": [
                {
                    "name": "Jordi Boggiano",
                    "email": "j.boggiano@seld.be",
                    "homepage": "https://seld.be"
                }
            ],
            "description": "Sends your logs to files, sockets, inboxes, databases and various web services",
            "homepage": "https://github.com/Seldaek/monolog",
            "keywords": [
                "log",
                "logging",
                "psr-3"
            ],
            "support": {
                "issues": "https://github.com/Seldaek/monolog/issues",
                "source": "https://github.com/Seldaek/monolog/tree/2.3.5"
            },
            "funding": [
                {
                    "url": "https://github.com/Seldaek",
                    "type": "github"
                },
                {
                    "url": "https://tidelift.com/funding/github/packagist/monolog/monolog",
                    "type": "tidelift"
                }
            ],
            "time": "2021-10-01T21:08:31+00:00"
        },
        {
            "name": "neomerx/cors-psr7",
            "version": "v1.0.13",
            "source": {
                "type": "git",
                "url": "https://github.com/neomerx/cors-psr7.git",
                "reference": "2556e2013f16a55532c95928455257d5b6bbc6e2"
            },
            "dist": {
                "type": "zip",
                "url": "https://api.github.com/repos/neomerx/cors-psr7/zipball/2556e2013f16a55532c95928455257d5b6bbc6e2",
                "reference": "2556e2013f16a55532c95928455257d5b6bbc6e2",
                "shasum": ""
            },
            "require": {
                "php": ">=5.6.0",
                "psr/http-message": "^1.0",
                "psr/log": "^1.0"
            },
            "require-dev": {
                "mockery/mockery": "^1.0",
                "phpunit/phpunit": "^5.7",
                "scrutinizer/ocular": "^1.1",
                "squizlabs/php_codesniffer": "^3.0"
            },
            "type": "library",
            "autoload": {
                "psr-4": {
                    "Neomerx\\Cors\\": "src/"
                }
            },
            "notification-url": "https://packagist.org/downloads/",
            "license": [
                "Apache-2.0"
            ],
            "authors": [
                {
                    "name": "neomerx",
                    "email": "info@neomerx.com"
                }
            ],
            "description": "Framework agnostic (PSR-7) CORS implementation (www.w3.org/TR/cors/)",
            "homepage": "https://github.com/neomerx/cors-psr7",
            "keywords": [
                "Cross Origin Resource Sharing",
                "Cross-Origin Resource Sharing",
                "cors",
                "neomerx",
                "psr-7",
                "psr7",
                "w3.org",
                "www.w3.org"
            ],
            "support": {
                "issues": "https://github.com/neomerx/cors-psr7/issues",
                "source": "https://github.com/neomerx/cors-psr7/tree/develop"
            },
            "time": "2018-05-23T16:10:11+00:00"
        },
        {
            "name": "nyholm/psr7",
            "version": "1.4.1",
            "source": {
                "type": "git",
                "url": "https://github.com/Nyholm/psr7.git",
                "reference": "2212385b47153ea71b1c1b1374f8cb5e4f7892ec"
            },
            "dist": {
                "type": "zip",
                "url": "https://api.github.com/repos/Nyholm/psr7/zipball/2212385b47153ea71b1c1b1374f8cb5e4f7892ec",
                "reference": "2212385b47153ea71b1c1b1374f8cb5e4f7892ec",
                "shasum": ""
            },
            "require": {
                "php": ">=7.1",
                "php-http/message-factory": "^1.0",
                "psr/http-factory": "^1.0",
                "psr/http-message": "^1.0"
            },
            "provide": {
                "psr/http-factory-implementation": "1.0",
                "psr/http-message-implementation": "1.0"
            },
            "require-dev": {
                "http-interop/http-factory-tests": "^0.9",
                "php-http/psr7-integration-tests": "^1.0",
                "phpunit/phpunit": "^7.5 || 8.5 || 9.4",
                "symfony/error-handler": "^4.4"
            },
            "type": "library",
            "extra": {
                "branch-alias": {
                    "dev-master": "1.4-dev"
                }
            },
            "autoload": {
                "psr-4": {
                    "Nyholm\\Psr7\\": "src/"
                }
            },
            "notification-url": "https://packagist.org/downloads/",
            "license": [
                "MIT"
            ],
            "authors": [
                {
                    "name": "Tobias Nyholm",
                    "email": "tobias.nyholm@gmail.com"
                },
                {
                    "name": "Martijn van der Ven",
                    "email": "martijn@vanderven.se"
                }
            ],
            "description": "A fast PHP7 implementation of PSR-7",
            "homepage": "https://tnyholm.se",
            "keywords": [
                "psr-17",
                "psr-7"
            ],
            "support": {
                "issues": "https://github.com/Nyholm/psr7/issues",
                "source": "https://github.com/Nyholm/psr7/tree/1.4.1"
            },
            "funding": [
                {
                    "url": "https://github.com/Zegnat",
                    "type": "github"
                },
                {
                    "url": "https://github.com/nyholm",
                    "type": "github"
                }
            ],
            "time": "2021-07-02T08:32:20+00:00"
        },
        {
            "name": "nyholm/psr7-server",
            "version": "1.0.2",
            "source": {
                "type": "git",
                "url": "https://github.com/Nyholm/psr7-server.git",
                "reference": "b846a689844cef114e8079d8c80f0afd96745ae3"
            },
            "dist": {
                "type": "zip",
                "url": "https://api.github.com/repos/Nyholm/psr7-server/zipball/b846a689844cef114e8079d8c80f0afd96745ae3",
                "reference": "b846a689844cef114e8079d8c80f0afd96745ae3",
                "shasum": ""
            },
            "require": {
                "php": "^7.1 || ^8.0",
                "psr/http-factory": "^1.0",
                "psr/http-message": "^1.0"
            },
            "require-dev": {
                "nyholm/nsa": "^1.1",
                "nyholm/psr7": "^1.3",
                "phpunit/phpunit": "^7.0 || ^8.5 || ^9.3"
            },
            "type": "library",
            "autoload": {
                "psr-4": {
                    "Nyholm\\Psr7Server\\": "src/"
                }
            },
            "notification-url": "https://packagist.org/downloads/",
            "license": [
                "MIT"
            ],
            "authors": [
                {
                    "name": "Tobias Nyholm",
                    "email": "tobias.nyholm@gmail.com"
                },
                {
                    "name": "Martijn van der Ven",
                    "email": "martijn@vanderven.se"
                }
            ],
            "description": "Helper classes to handle PSR-7 server requests",
            "homepage": "http://tnyholm.se",
            "keywords": [
                "psr-17",
                "psr-7"
            ],
            "support": {
                "issues": "https://github.com/Nyholm/psr7-server/issues",
                "source": "https://github.com/Nyholm/psr7-server/tree/1.0.2"
            },
            "funding": [
                {
                    "url": "https://github.com/Zegnat",
                    "type": "github"
                },
                {
                    "url": "https://github.com/nyholm",
                    "type": "github"
                }
            ],
            "time": "2021-05-12T11:11:27+00:00"
        },
        {
            "name": "opis/closure",
            "version": "3.6.2",
            "source": {
                "type": "git",
                "url": "https://github.com/opis/closure.git",
                "reference": "06e2ebd25f2869e54a306dda991f7db58066f7f6"
            },
            "dist": {
                "type": "zip",
                "url": "https://api.github.com/repos/opis/closure/zipball/06e2ebd25f2869e54a306dda991f7db58066f7f6",
                "reference": "06e2ebd25f2869e54a306dda991f7db58066f7f6",
                "shasum": ""
            },
            "require": {
                "php": "^5.4 || ^7.0 || ^8.0"
            },
            "require-dev": {
                "jeremeamia/superclosure": "^2.0",
                "phpunit/phpunit": "^4.0 || ^5.0 || ^6.0 || ^7.0 || ^8.0 || ^9.0"
            },
            "type": "library",
            "extra": {
                "branch-alias": {
                    "dev-master": "3.6.x-dev"
                }
            },
            "autoload": {
                "psr-4": {
                    "Opis\\Closure\\": "src/"
                },
                "files": [
                    "functions.php"
                ]
            },
            "notification-url": "https://packagist.org/downloads/",
            "license": [
                "MIT"
            ],
            "authors": [
                {
                    "name": "Marius Sarca",
                    "email": "marius.sarca@gmail.com"
                },
                {
                    "name": "Sorin Sarca",
                    "email": "sarca_sorin@hotmail.com"
                }
            ],
            "description": "A library that can be used to serialize closures (anonymous functions) and arbitrary objects.",
            "homepage": "https://opis.io/closure",
            "keywords": [
                "anonymous functions",
                "closure",
                "function",
                "serializable",
                "serialization",
                "serialize"
            ],
            "support": {
                "issues": "https://github.com/opis/closure/issues",
                "source": "https://github.com/opis/closure/tree/3.6.2"
            },
            "time": "2021-04-09T13:42:10+00:00"
        },
        {
            "name": "php-di/invoker",
            "version": "2.3.3",
            "source": {
                "type": "git",
                "url": "https://github.com/PHP-DI/Invoker.git",
                "reference": "cd6d9f267d1a3474bdddf1be1da079f01b942786"
            },
            "dist": {
                "type": "zip",
                "url": "https://api.github.com/repos/PHP-DI/Invoker/zipball/cd6d9f267d1a3474bdddf1be1da079f01b942786",
                "reference": "cd6d9f267d1a3474bdddf1be1da079f01b942786",
                "shasum": ""
            },
            "require": {
                "php": ">=7.3",
                "psr/container": "^1.0|^2.0"
            },
            "require-dev": {
                "athletic/athletic": "~0.1.8",
                "mnapoli/hard-mode": "~0.3.0",
                "phpunit/phpunit": "^9.0"
            },
            "type": "library",
            "autoload": {
                "psr-4": {
                    "Invoker\\": "src/"
                }
            },
            "notification-url": "https://packagist.org/downloads/",
            "license": [
                "MIT"
            ],
            "description": "Generic and extensible callable invoker",
            "homepage": "https://github.com/PHP-DI/Invoker",
            "keywords": [
                "callable",
                "dependency",
                "dependency-injection",
                "injection",
                "invoke",
                "invoker"
            ],
            "support": {
                "issues": "https://github.com/PHP-DI/Invoker/issues",
                "source": "https://github.com/PHP-DI/Invoker/tree/2.3.3"
            },
            "funding": [
                {
                    "url": "https://github.com/mnapoli",
                    "type": "github"
                }
            ],
            "time": "2021-12-13T09:22:56+00:00"
        },
        {
            "name": "php-di/php-di",
            "version": "6.3.5",
            "source": {
                "type": "git",
                "url": "https://github.com/PHP-DI/PHP-DI.git",
                "reference": "b8126d066ce144765300ee0ab040c1ed6c9ef588"
            },
            "dist": {
                "type": "zip",
                "url": "https://api.github.com/repos/PHP-DI/PHP-DI/zipball/b8126d066ce144765300ee0ab040c1ed6c9ef588",
                "reference": "b8126d066ce144765300ee0ab040c1ed6c9ef588",
                "shasum": ""
            },
            "require": {
                "opis/closure": "^3.5.5",
                "php": ">=7.2.0",
                "php-di/invoker": "^2.0",
                "php-di/phpdoc-reader": "^2.0.1",
                "psr/container": "^1.0"
            },
            "provide": {
                "psr/container-implementation": "^1.0"
            },
            "require-dev": {
                "doctrine/annotations": "~1.2",
                "friendsofphp/php-cs-fixer": "^2.4",
                "mnapoli/phpunit-easymock": "^1.2",
                "ocramius/proxy-manager": "^2.0.2",
                "phpstan/phpstan": "^0.12",
                "phpunit/phpunit": "^8.5|^9.0"
            },
            "suggest": {
                "doctrine/annotations": "Install it if you want to use annotations (version ~1.2)",
                "ocramius/proxy-manager": "Install it if you want to use lazy injection (version ~2.0)"
            },
            "type": "library",
            "autoload": {
                "psr-4": {
                    "DI\\": "src/"
                },
                "files": [
                    "src/functions.php"
                ]
            },
            "notification-url": "https://packagist.org/downloads/",
            "license": [
                "MIT"
            ],
            "description": "The dependency injection container for humans",
            "homepage": "https://php-di.org/",
            "keywords": [
                "PSR-11",
                "container",
                "container-interop",
                "dependency injection",
                "di",
                "ioc",
                "psr11"
            ],
            "support": {
                "issues": "https://github.com/PHP-DI/PHP-DI/issues",
                "source": "https://github.com/PHP-DI/PHP-DI/tree/6.3.5"
            },
            "funding": [
                {
                    "url": "https://github.com/mnapoli",
                    "type": "github"
                },
                {
                    "url": "https://tidelift.com/funding/github/packagist/php-di/php-di",
                    "type": "tidelift"
                }
            ],
            "time": "2021-09-02T09:49:58+00:00"
        },
        {
            "name": "php-di/phpdoc-reader",
            "version": "2.2.1",
            "source": {
                "type": "git",
                "url": "https://github.com/PHP-DI/PhpDocReader.git",
                "reference": "66daff34cbd2627740ffec9469ffbac9f8c8185c"
            },
            "dist": {
                "type": "zip",
                "url": "https://api.github.com/repos/PHP-DI/PhpDocReader/zipball/66daff34cbd2627740ffec9469ffbac9f8c8185c",
                "reference": "66daff34cbd2627740ffec9469ffbac9f8c8185c",
                "shasum": ""
            },
            "require": {
                "php": ">=7.2.0"
            },
            "require-dev": {
                "mnapoli/hard-mode": "~0.3.0",
                "phpunit/phpunit": "^8.5|^9.0"
            },
            "type": "library",
            "autoload": {
                "psr-4": {
                    "PhpDocReader\\": "src/PhpDocReader"
                }
            },
            "notification-url": "https://packagist.org/downloads/",
            "license": [
                "MIT"
            ],
            "description": "PhpDocReader parses @var and @param values in PHP docblocks (supports namespaced class names with the same resolution rules as PHP)",
            "keywords": [
                "phpdoc",
                "reflection"
            ],
            "support": {
                "issues": "https://github.com/PHP-DI/PhpDocReader/issues",
                "source": "https://github.com/PHP-DI/PhpDocReader/tree/2.2.1"
            },
            "time": "2020-10-12T12:39:22+00:00"
        },
        {
            "name": "php-http/message-factory",
            "version": "v1.0.2",
            "source": {
                "type": "git",
                "url": "https://github.com/php-http/message-factory.git",
                "reference": "a478cb11f66a6ac48d8954216cfed9aa06a501a1"
            },
            "dist": {
                "type": "zip",
                "url": "https://api.github.com/repos/php-http/message-factory/zipball/a478cb11f66a6ac48d8954216cfed9aa06a501a1",
                "reference": "a478cb11f66a6ac48d8954216cfed9aa06a501a1",
                "shasum": ""
            },
            "require": {
                "php": ">=5.4",
                "psr/http-message": "^1.0"
            },
            "type": "library",
            "extra": {
                "branch-alias": {
                    "dev-master": "1.0-dev"
                }
            },
            "autoload": {
                "psr-4": {
                    "Http\\Message\\": "src/"
                }
            },
            "notification-url": "https://packagist.org/downloads/",
            "license": [
                "MIT"
            ],
            "authors": [
                {
                    "name": "Márk Sági-Kazár",
                    "email": "mark.sagikazar@gmail.com"
                }
            ],
            "description": "Factory interfaces for PSR-7 HTTP Message",
            "homepage": "http://php-http.org",
            "keywords": [
                "factory",
                "http",
                "message",
                "stream",
                "uri"
            ],
            "support": {
                "issues": "https://github.com/php-http/message-factory/issues",
                "source": "https://github.com/php-http/message-factory/tree/master"
            },
            "time": "2015-12-19T14:08:53+00:00"
        },
        {
            "name": "psr/container",
            "version": "1.1.1",
            "source": {
                "type": "git",
                "url": "https://github.com/php-fig/container.git",
                "reference": "8622567409010282b7aeebe4bb841fe98b58dcaf"
            },
            "dist": {
                "type": "zip",
                "url": "https://api.github.com/repos/php-fig/container/zipball/8622567409010282b7aeebe4bb841fe98b58dcaf",
                "reference": "8622567409010282b7aeebe4bb841fe98b58dcaf",
                "shasum": ""
            },
            "require": {
                "php": ">=7.2.0"
            },
            "type": "library",
            "autoload": {
                "psr-4": {
                    "Psr\\Container\\": "src/"
                }
            },
            "notification-url": "https://packagist.org/downloads/",
            "license": [
                "MIT"
            ],
            "authors": [
                {
                    "name": "PHP-FIG",
                    "homepage": "https://www.php-fig.org/"
                }
            ],
            "description": "Common Container Interface (PHP FIG PSR-11)",
            "homepage": "https://github.com/php-fig/container",
            "keywords": [
                "PSR-11",
                "container",
                "container-interface",
                "container-interop",
                "psr"
            ],
            "support": {
                "issues": "https://github.com/php-fig/container/issues",
                "source": "https://github.com/php-fig/container/tree/1.1.1"
            },
            "time": "2021-03-05T17:36:06+00:00"
        },
        {
            "name": "psr/http-factory",
            "version": "1.0.1",
            "source": {
                "type": "git",
                "url": "https://github.com/php-fig/http-factory.git",
                "reference": "12ac7fcd07e5b077433f5f2bee95b3a771bf61be"
            },
            "dist": {
                "type": "zip",
                "url": "https://api.github.com/repos/php-fig/http-factory/zipball/12ac7fcd07e5b077433f5f2bee95b3a771bf61be",
                "reference": "12ac7fcd07e5b077433f5f2bee95b3a771bf61be",
                "shasum": ""
            },
            "require": {
                "php": ">=7.0.0",
                "psr/http-message": "^1.0"
            },
            "type": "library",
            "extra": {
                "branch-alias": {
                    "dev-master": "1.0.x-dev"
                }
            },
            "autoload": {
                "psr-4": {
                    "Psr\\Http\\Message\\": "src/"
                }
            },
            "notification-url": "https://packagist.org/downloads/",
            "license": [
                "MIT"
            ],
            "authors": [
                {
                    "name": "PHP-FIG",
                    "homepage": "http://www.php-fig.org/"
                }
            ],
            "description": "Common interfaces for PSR-7 HTTP message factories",
            "keywords": [
                "factory",
                "http",
                "message",
                "psr",
                "psr-17",
                "psr-7",
                "request",
                "response"
            ],
            "support": {
                "source": "https://github.com/php-fig/http-factory/tree/master"
            },
            "time": "2019-04-30T12:38:16+00:00"
        },
        {
            "name": "psr/http-message",
            "version": "1.0.1",
            "source": {
                "type": "git",
                "url": "https://github.com/php-fig/http-message.git",
                "reference": "f6561bf28d520154e4b0ec72be95418abe6d9363"
            },
            "dist": {
                "type": "zip",
                "url": "https://api.github.com/repos/php-fig/http-message/zipball/f6561bf28d520154e4b0ec72be95418abe6d9363",
                "reference": "f6561bf28d520154e4b0ec72be95418abe6d9363",
                "shasum": ""
            },
            "require": {
                "php": ">=5.3.0"
            },
            "type": "library",
            "extra": {
                "branch-alias": {
                    "dev-master": "1.0.x-dev"
                }
            },
            "autoload": {
                "psr-4": {
                    "Psr\\Http\\Message\\": "src/"
                }
            },
            "notification-url": "https://packagist.org/downloads/",
            "license": [
                "MIT"
            ],
            "authors": [
                {
                    "name": "PHP-FIG",
                    "homepage": "http://www.php-fig.org/"
                }
            ],
            "description": "Common interface for HTTP messages",
            "homepage": "https://github.com/php-fig/http-message",
            "keywords": [
                "http",
                "http-message",
                "psr",
                "psr-7",
                "request",
                "response"
            ],
            "support": {
                "source": "https://github.com/php-fig/http-message/tree/master"
            },
            "time": "2016-08-06T14:39:51+00:00"
        },
        {
            "name": "psr/http-server-handler",
            "version": "1.0.1",
            "source": {
                "type": "git",
                "url": "https://github.com/php-fig/http-server-handler.git",
                "reference": "aff2f80e33b7f026ec96bb42f63242dc50ffcae7"
            },
            "dist": {
                "type": "zip",
                "url": "https://api.github.com/repos/php-fig/http-server-handler/zipball/aff2f80e33b7f026ec96bb42f63242dc50ffcae7",
                "reference": "aff2f80e33b7f026ec96bb42f63242dc50ffcae7",
                "shasum": ""
            },
            "require": {
                "php": ">=7.0",
                "psr/http-message": "^1.0"
            },
            "type": "library",
            "extra": {
                "branch-alias": {
                    "dev-master": "1.0.x-dev"
                }
            },
            "autoload": {
                "psr-4": {
                    "Psr\\Http\\Server\\": "src/"
                }
            },
            "notification-url": "https://packagist.org/downloads/",
            "license": [
                "MIT"
            ],
            "authors": [
                {
                    "name": "PHP-FIG",
                    "homepage": "http://www.php-fig.org/"
                }
            ],
            "description": "Common interface for HTTP server-side request handler",
            "keywords": [
                "handler",
                "http",
                "http-interop",
                "psr",
                "psr-15",
                "psr-7",
                "request",
                "response",
                "server"
            ],
            "support": {
                "issues": "https://github.com/php-fig/http-server-handler/issues",
                "source": "https://github.com/php-fig/http-server-handler/tree/master"
            },
            "time": "2018-10-30T16:46:14+00:00"
        },
        {
            "name": "psr/http-server-middleware",
            "version": "1.0.1",
            "source": {
                "type": "git",
                "url": "https://github.com/php-fig/http-server-middleware.git",
                "reference": "2296f45510945530b9dceb8bcedb5cb84d40c5f5"
            },
            "dist": {
                "type": "zip",
                "url": "https://api.github.com/repos/php-fig/http-server-middleware/zipball/2296f45510945530b9dceb8bcedb5cb84d40c5f5",
                "reference": "2296f45510945530b9dceb8bcedb5cb84d40c5f5",
                "shasum": ""
            },
            "require": {
                "php": ">=7.0",
                "psr/http-message": "^1.0",
                "psr/http-server-handler": "^1.0"
            },
            "type": "library",
            "extra": {
                "branch-alias": {
                    "dev-master": "1.0.x-dev"
                }
            },
            "autoload": {
                "psr-4": {
                    "Psr\\Http\\Server\\": "src/"
                }
            },
            "notification-url": "https://packagist.org/downloads/",
            "license": [
                "MIT"
            ],
            "authors": [
                {
                    "name": "PHP-FIG",
                    "homepage": "http://www.php-fig.org/"
                }
            ],
            "description": "Common interface for HTTP server-side middleware",
            "keywords": [
                "http",
                "http-interop",
                "middleware",
                "psr",
                "psr-15",
                "psr-7",
                "request",
                "response"
            ],
            "support": {
                "issues": "https://github.com/php-fig/http-server-middleware/issues",
                "source": "https://github.com/php-fig/http-server-middleware/tree/master"
            },
            "time": "2018-10-30T17:12:04+00:00"
        },
        {
            "name": "psr/log",
            "version": "1.1.4",
            "source": {
                "type": "git",
                "url": "https://github.com/php-fig/log.git",
                "reference": "d49695b909c3b7628b6289db5479a1c204601f11"
            },
            "dist": {
                "type": "zip",
                "url": "https://api.github.com/repos/php-fig/log/zipball/d49695b909c3b7628b6289db5479a1c204601f11",
                "reference": "d49695b909c3b7628b6289db5479a1c204601f11",
                "shasum": ""
            },
            "require": {
                "php": ">=5.3.0"
            },
            "type": "library",
            "extra": {
                "branch-alias": {
                    "dev-master": "1.1.x-dev"
                }
            },
            "autoload": {
                "psr-4": {
                    "Psr\\Log\\": "Psr/Log/"
                }
            },
            "notification-url": "https://packagist.org/downloads/",
            "license": [
                "MIT"
            ],
            "authors": [
                {
                    "name": "PHP-FIG",
                    "homepage": "https://www.php-fig.org/"
                }
            ],
            "description": "Common interface for logging libraries",
            "homepage": "https://github.com/php-fig/log",
            "keywords": [
                "log",
                "psr",
                "psr-3"
            ],
            "support": {
                "source": "https://github.com/php-fig/log/tree/1.1.4"
            },
            "time": "2021-05-03T11:20:27+00:00"
        },
        {
            "name": "tuupola/callable-handler",
            "version": "1.1.0",
            "source": {
                "type": "git",
                "url": "https://github.com/tuupola/callable-handler.git",
                "reference": "0bc7b88630ca753de9aba8f411046856f5ca6f8c"
            },
            "dist": {
                "type": "zip",
                "url": "https://api.github.com/repos/tuupola/callable-handler/zipball/0bc7b88630ca753de9aba8f411046856f5ca6f8c",
                "reference": "0bc7b88630ca753de9aba8f411046856f5ca6f8c",
                "shasum": ""
            },
            "require": {
                "php": "^7.1|^8.0",
                "psr/http-server-middleware": "^1.0"
            },
            "require-dev": {
                "overtrue/phplint": "^1.0",
                "phpunit/phpunit": "^7.0|^8.0|^9.0",
                "squizlabs/php_codesniffer": "^3.2",
                "tuupola/http-factory": "^0.4.0|^1.0",
                "zendframework/zend-diactoros": "^1.6.0|^2.0"
            },
            "type": "library",
            "autoload": {
                "psr-4": {
                    "Tuupola\\Middleware\\": "src"
                }
            },
            "notification-url": "https://packagist.org/downloads/",
            "license": [
                "MIT"
            ],
            "authors": [
                {
                    "name": "Mika Tuupola",
                    "email": "tuupola@appelsiini.net",
                    "homepage": "https://appelsiini.net/",
                    "role": "Developer"
                }
            ],
            "description": "Compatibility layer for PSR-7 double pass and PSR-15 middlewares.",
            "homepage": "https://github.com/tuupola/callable-handler",
            "keywords": [
                "middleware",
                "psr-15",
                "psr-7"
            ],
            "support": {
                "issues": "https://github.com/tuupola/callable-handler/issues",
                "source": "https://github.com/tuupola/callable-handler/tree/1.1.0"
            },
            "funding": [
                {
                    "url": "https://github.com/tuupola",
                    "type": "github"
                }
            ],
            "time": "2020-09-09T08:31:54+00:00"
        },
        {
            "name": "tuupola/cors-middleware",
            "version": "1.2.1",
            "source": {
                "type": "git",
                "url": "https://github.com/tuupola/cors-middleware.git",
                "reference": "4f085d11f349e83d18f1eb5802551353b2b093a3"
            },
            "dist": {
                "type": "zip",
                "url": "https://api.github.com/repos/tuupola/cors-middleware/zipball/4f085d11f349e83d18f1eb5802551353b2b093a3",
                "reference": "4f085d11f349e83d18f1eb5802551353b2b093a3",
                "shasum": ""
            },
            "require": {
                "neomerx/cors-psr7": "^1.0.4",
                "php": "^7.1|^8.0",
                "psr/http-message": "^1.0.1",
                "psr/http-server-middleware": "^1.0",
                "tuupola/callable-handler": "^1.0",
                "tuupola/http-factory": "^1.0.2"
            },
            "require-dev": {
                "equip/dispatch": "^2.0",
                "overtrue/phplint": "^1.0",
                "phpstan/phpstan": "^0.12.42",
                "phpunit/phpunit": "^7.0|^8.0|^9.0",
                "squizlabs/php_codesniffer": "^3.5",
                "zendframework/zend-diactoros": "^1.0|^2.0"
            },
            "type": "library",
            "autoload": {
                "psr-4": {
                    "Tuupola\\Middleware\\": "src"
                }
            },
            "notification-url": "https://packagist.org/downloads/",
            "license": [
                "MIT"
            ],
            "authors": [
                {
                    "name": "Mika Tuupola",
                    "email": "tuupola@appelsiini.net",
                    "homepage": "https://appelsiini.net/",
                    "role": "Developer"
                }
            ],
            "description": "PSR-7 and PSR-15 CORS middleware",
            "homepage": "https://github.com/tuupola/cors-middleware",
            "keywords": [
                "cors",
                "middleware",
                "psr-15",
                "psr-7"
            ],
            "support": {
                "issues": "https://github.com/tuupola/cors-middleware/issues",
                "source": "https://github.com/tuupola/cors-middleware/tree/1.2.1"
            },
            "funding": [
                {
                    "url": "https://github.com/tuupola",
                    "type": "github"
                }
            ],
            "time": "2020-10-29T11:01:06+00:00"
        },
        {
            "name": "tuupola/http-factory",
            "version": "1.4.0",
            "source": {
                "type": "git",
                "url": "https://github.com/tuupola/http-factory.git",
                "reference": "ae3f8fbdd31cf2f1bbe920b38963c5e4d1e9c454"
            },
            "dist": {
                "type": "zip",
                "url": "https://api.github.com/repos/tuupola/http-factory/zipball/ae3f8fbdd31cf2f1bbe920b38963c5e4d1e9c454",
                "reference": "ae3f8fbdd31cf2f1bbe920b38963c5e4d1e9c454",
                "shasum": ""
            },
            "require": {
                "php": "^7.1|^8.0",
                "psr/http-factory": "^1.0"
            },
            "conflict": {
                "nyholm/psr7": "<1.0"
            },
            "provide": {
                "psr/http-factory-implementation": "^1.0"
            },
            "require-dev": {
                "http-interop/http-factory-tests": "^0.9.0",
                "overtrue/phplint": "^3.0",
                "phpunit/phpunit": "^7.0|^8.0|^9.0",
                "squizlabs/php_codesniffer": "^3.0"
            },
            "type": "library",
            "autoload": {
                "psr-4": {
                    "Tuupola\\Http\\Factory\\": "src"
                }
            },
            "notification-url": "https://packagist.org/downloads/",
            "license": [
                "MIT"
            ],
            "authors": [
                {
                    "name": "Mika Tuupola",
                    "email": "tuupola@appelsiini.net",
                    "homepage": "https://appelsiini.net/",
                    "role": "Developer"
                }
            ],
            "description": "Lightweight autodiscovering PSR-17 HTTP factories",
            "homepage": "https://github.com/tuupola/http-factory",
            "keywords": [
                "http",
                "psr-17",
                "psr-7"
            ],
            "support": {
                "issues": "https://github.com/tuupola/http-factory/issues",
                "source": "https://github.com/tuupola/http-factory/tree/1.4.0"
            },
            "funding": [
                {
                    "url": "https://github.com/tuupola",
                    "type": "github"
                }
            ],
            "time": "2021-09-14T12:46:25+00:00"
        }
    ],
    "packages-dev": [],
    "aliases": [],
    "minimum-stability": "stable",
    "stability-flags": [],
    "prefer-stable": false,
    "prefer-lowest": false,
    "platform": {
        "php": "8.1.1"
    },
    "platform-dev": [],
    "platform-overrides": {
        "php": "8.1.1"
    },
    "plugin-api-version": "2.1.0"
}
